
Microsoft Visual Studio Solution File, Format Version 12.00
# Visual Studio 14
VisualStudioVersion = 14.0.25420.1
MinimumVisualStudioVersion = 10.0.40219.1
Project("{FAE04EC0-301F-11D3-BF4B-00C04F79EFBC}") = "FamilyAppRework", "FamilyAppRework\FamilyAppRework\FamilyAppRework.csproj", "{17072AB2-5C1E-4028-8772-650375D347A3}"
EndProject
Project("{FAE04EC0-301F-11D3-BF4B-00C04F79EFBC}") = "FamilyAppRework.Droid", "FamilyAppRework\FamilyAppRework.Droid\FamilyAppRework.Droid.csproj", "{500428D5-CFFD-4433-9C29-31DFFA221BA2}"
EndProject
Project("{FAE04EC0-301F-11D3-BF4B-00C04F79EFBC}") = "FamilyAppRework.iOS", "FamilyAppRework\FamilyAppRework.iOS\FamilyAppRework.iOS.csproj", "{BF0C11D1-6AFF-4DC4-AF92-E2C79BDA10D4}"
EndProject
Project("{FAE04EC0-301F-11D3-BF4B-00C04F79EFBC}") = "FamilyAppRework.WinPhone", "FamilyAppRework\FamilyAppRework.WinPhone\FamilyAppRework.WinPhone.csproj", "{295DFD23-80C9-4FDB-99EB-085BE8B08A6A}"
EndProject
Project("{FAE04EC0-301F-11D3-BF4B-00C04F79EFBC}") = "FamilyAppRework.Windows", "FamilyAppRework\FamilyAppRework.Windows\FamilyAppRework.Windows.csproj", "{FD543720-3D00-42E7-BFD8-66AEA00AC74F}"
EndProject
Global
	GlobalSection(SolutionConfigurationPlatforms) = preSolution
		Ad-Hoc|Any CPU = Ad-Hoc|Any CPU
		Ad-Hoc|ARM = Ad-Hoc|ARM
		Ad-Hoc|iPhone = Ad-Hoc|iPhone
		Ad-Hoc|iPhoneSimulator = Ad-Hoc|iPhoneSimulator
		Ad-Hoc|x64 = Ad-Hoc|x64
		Ad-Hoc|x86 = Ad-Hoc|x86
		AppStore|Any CPU = AppStore|Any CPU
		AppStore|ARM = AppStore|ARM
		AppStore|iPhone = AppStore|iPhone
		AppStore|iPhoneSimulator = AppStore|iPhoneSimulator
		AppStore|x64 = AppStore|x64
		AppStore|x86 = AppStore|x86
		Debug|Any CPU = Debug|Any CPU
		Debug|ARM = Debug|ARM
		Debug|iPhone = Debug|iPhone
		Debug|iPhoneSimulator = Debug|iPhoneSimulator
		Debug|x64 = Debug|x64
		Debug|x86 = Debug|x86
		Release|Any CPU = Release|Any CPU
		Release|ARM = Release|ARM
		Release|iPhone = Release|iPhone
		Release|iPhoneSimulator = Release|iPhoneSimulator
		Release|x64 = Release|x64
		Release|x86 = Release|x86
	EndGlobalSection
	GlobalSection(ProjectConfigurationPlatforms) = postSolution
		{17072AB2-5C1E-4028-8772-650375D347A3}.Ad-Hoc|Any CPU.ActiveCfg = Release|Any CPU
		{17072AB2-5C1E-4028-8772-650375D347A3}.Ad-Hoc|Any CPU.Build.0 = Release|Any CPU
		{17072AB2-5C1E-4028-8772-650375D347A3}.Ad-Hoc|ARM.ActiveCfg = Release|Any CPU
		{17072AB2-5C1E-4028-8772-650375D347A3}.Ad-Hoc|ARM.Build.0 = Release|Any CPU
		{17072AB2-5C1E-4028-8772-650375D347A3}.Ad-Hoc|iPhone.ActiveCfg = Release|Any CPU
		{17072AB2-5C1E-4028-8772-650375D347A3}.Ad-Hoc|iPhone.Build.0 = Release|Any CPU
		{17072AB2-5C1E-4028-8772-650375D347A3}.Ad-Hoc|iPhoneSimulator.ActiveCfg = Release|Any CPU
		{17072AB2-5C1E-4028-8772-650375D347A3}.Ad-Hoc|iPhoneSimulator.Build.0 = Release|Any CPU
		{17072AB2-5C1E-4028-8772-650375D347A3}.Ad-Hoc|x64.ActiveCfg = Release|Any CPU
		{17072AB2-5C1E-4028-8772-650375D347A3}.Ad-Hoc|x64.Build.0 = Release|Any CPU
		{17072AB2-5C1E-4028-8772-650375D347A3}.Ad-Hoc|x86.ActiveCfg = Release|Any CPU
		{17072AB2-5C1E-4028-8772-650375D347A3}.Ad-Hoc|x86.Build.0 = Release|Any CPU
		{17072AB2-5C1E-4028-8772-650375D347A3}.AppStore|Any CPU.ActiveCfg = Release|Any CPU
		{17072AB2-5C1E-4028-8772-650375D347A3}.AppStore|Any CPU.Build.0 = Release|Any CPU
		{17072AB2-5C1E-4028-8772-650375D347A3}.AppStore|ARM.ActiveCfg = Release|Any CPU
		{17072AB2-5C1E-4028-8772-650375D347A3}.AppStore|ARM.Build.0 = Release|Any CPU
		{17072AB2-5C1E-4028-8772-650375D347A3}.AppStore|iPhone.ActiveCfg = Release|Any CPU
		{17072AB2-5C1E-4028-8772-650375D347A3}.AppStore|iPhone.Build.0 = Release|Any CPU
		{17072AB2-5C1E-4028-8772-650375D347A3}.AppStore|iPhoneSimulator.ActiveCfg = Release|Any CPU
		{17072AB2-5C1E-4028-8772-650375D347A3}.AppStore|iPhoneSimulator.Build.0 = Release|Any CPU
		{17072AB2-5C1E-4028-8772-650375D347A3}.AppStore|x64.ActiveCfg = Release|Any CPU
		{17072AB2-5C1E-4028-8772-650375D347A3}.AppStore|x64.Build.0 = Release|Any CPU
		{17072AB2-5C1E-4028-8772-650375D347A3}.AppStore|x86.ActiveCfg = Release|Any CPU
		{17072AB2-5C1E-4028-8772-650375D347A3}.AppStore|x86.Build.0 = Release|Any CPU
		{17072AB2-5C1E-4028-8772-650375D347A3}.Debug|Any CPU.ActiveCfg = Debug|Any CPU
		{17072AB2-5C1E-4028-8772-650375D347A3}.Debug|Any CPU.Build.0 = Debug|Any CPU
		{17072AB2-5C1E-4028-8772-650375D347A3}.Debug|ARM.ActiveCfg = Debug|Any CPU
		{17072AB2-5C1E-4028-8772-650375D347A3}.Debug|ARM.Build.0 = Debug|Any CPU
		{17072AB2-5C1E-4028-8772-650375D347A3}.Debug|iPhone.ActiveCfg = Debug|Any CPU
		{17072AB2-5C1E-4028-8772-650375D347A3}.Debug|iPhone.Build.0 = Debug|Any CPU
		{17072AB2-5C1E-4028-8772-650375D347A3}.Debug|iPhoneSimulator.ActiveCfg = Debug|Any CPU
		{17072AB2-5C1E-4028-8772-650375D347A3}.Debug|iPhoneSimulator.Build.0 = Debug|Any CPU
		{17072AB2-5C1E-4028-8772-650375D347A3}.Debug|x64.ActiveCfg = Debug|Any CPU
		{17072AB2-5C1E-4028-8772-650375D347A3}.Debug|x64.Build.0 = Debug|Any CPU
		{17072AB2-5C1E-4028-8772-650375D347A3}.Debug|x86.ActiveCfg = Debug|Any CPU
		{17072AB2-5C1E-4028-8772-650375D347A3}.Debug|x86.Build.0 = Debug|Any CPU
		{17072AB2-5C1E-4028-8772-650375D347A3}.Release|Any CPU.ActiveCfg = Release|Any CPU
		{17072AB2-5C1E-4028-8772-650375D347A3}.Release|Any CPU.Build.0 = Release|Any CPU
		{17072AB2-5C1E-4028-8772-650375D347A3}.Release|ARM.ActiveCfg = Release|Any CPU
		{17072AB2-5C1E-4028-8772-650375D347A3}.Release|ARM.Build.0 = Release|Any CPU
		{17072AB2-5C1E-4028-8772-650375D347A3}.Release|iPhone.ActiveCfg = Release|Any CPU
		{17072AB2-5C1E-4028-8772-650375D347A3}.Release|iPhone.Build.0 = Release|Any CPU
		{17072AB2-5C1E-4028-8772-650375D347A3}.Release|iPhoneSimulator.ActiveCfg = Release|Any CPU
		{17072AB2-5C1E-4028-8772-650375D347A3}.Release|iPhoneSimulator.Build.0 = Release|Any CPU
		{17072AB2-5C1E-4028-8772-650375D347A3}.Release|x64.ActiveCfg = Release|Any CPU
		{17072AB2-5C1E-4028-8772-650375D347A3}.Release|x64.Build.0 = Release|Any CPU
		{17072AB2-5C1E-4028-8772-650375D347A3}.Release|x86.ActiveCfg = Release|Any CPU
		{17072AB2-5C1E-4028-8772-650375D347A3}.Release|x86.Build.0 = Release|Any CPU
		{500428D5-CFFD-4433-9C29-31DFFA221BA2}.Ad-Hoc|Any CPU.ActiveCfg = Release|Any CPU
		{500428D5-CFFD-4433-9C29-31DFFA221BA2}.Ad-Hoc|Any CPU.Build.0 = Release|Any CPU
		{500428D5-CFFD-4433-9C29-31DFFA221BA2}.Ad-Hoc|Any CPU.Deploy.0 = Release|Any CPU
		{500428D5-CFFD-4433-9C29-31DFFA221BA2}.Ad-Hoc|ARM.ActiveCfg = Release|Any CPU
		{500428D5-CFFD-4433-9C29-31DFFA221BA2}.Ad-Hoc|ARM.Build.0 = Release|Any CPU
		{500428D5-CFFD-4433-9C29-31DFFA221BA2}.Ad-Hoc|ARM.Deploy.0 = Release|Any CPU
		{500428D5-CFFD-4433-9C29-31DFFA221BA2}.Ad-Hoc|iPhone.ActiveCfg = Release|Any CPU
		{500428D5-CFFD-4433-9C29-31DFFA221BA2}.Ad-Hoc|iPhone.Build.0 = Release|Any CPU
		{500428D5-CFFD-4433-9C29-31DFFA221BA2}.Ad-Hoc|iPhone.Deploy.0 = Release|Any CPU
		{500428D5-CFFD-4433-9C29-31DFFA221BA2}.Ad-Hoc|iPhoneSimulator.ActiveCfg = Release|Any CPU
		{500428D5-CFFD-4433-9C29-31DFFA221BA2}.Ad-Hoc|iPhoneSimulator.Build.0 = Release|Any CPU
		{500428D5-CFFD-4433-9C29-31DFFA221BA2}.Ad-Hoc|iPhoneSimulator.Deploy.0 = Release|Any CPU
		{500428D5-CFFD-4433-9C29-31DFFA221BA2}.Ad-Hoc|x64.ActiveCfg = Release|Any CPU
		{500428D5-CFFD-4433-9C29-31DFFA221BA2}.Ad-Hoc|x64.Build.0 = Release|Any CPU
		{500428D5-CFFD-4433-9C29-31DFFA221BA2}.Ad-Hoc|x64.Deploy.0 = Release|Any CPU
		{500428D5-CFFD-4433-9C29-31DFFA221BA2}.Ad-Hoc|x86.ActiveCfg = Release|Any CPU
		{500428D5-CFFD-4433-9C29-31DFFA221BA2}.Ad-Hoc|x86.Build.0 = Release|Any CPU
		{500428D5-CFFD-4433-9C29-31DFFA221BA2}.Ad-Hoc|x86.Deploy.0 = Release|Any CPU
		{500428D5-CFFD-4433-9C29-31DFFA221BA2}.AppStore|Any CPU.ActiveCfg = Release|Any CPU
		{500428D5-CFFD-4433-9C29-31DFFA221BA2}.AppStore|Any CPU.Build.0 = Release|Any CPU
		{500428D5-CFFD-4433-9C29-31DFFA221BA2}.AppStore|Any CPU.Deploy.0 = Release|Any CPU
		{500428D5-CFFD-4433-9C29-31DFFA221BA2}.AppStore|ARM.ActiveCfg = Release|Any CPU
		{500428D5-CFFD-4433-9C29-31DFFA221BA2}.AppStore|ARM.Build.0 = Release|Any CPU
		{500428D5-CFFD-4433-9C29-31DFFA221BA2}.AppStore|ARM.Deploy.0 = Release|Any CPU
		{500428D5-CFFD-4433-9C29-31DFFA221BA2}.AppStore|iPhone.ActiveCfg = Release|Any CPU
		{500428D5-CFFD-4433-9C29-31DFFA221BA2}.AppStore|iPhone.Build.0 = Release|Any CPU
		{500428D5-CFFD-4433-9C29-31DFFA221BA2}.AppStore|iPhone.Deploy.0 = Release|Any CPU
		{500428D5-CFFD-4433-9C29-31DFFA221BA2}.AppStore|iPhoneSimulator.ActiveCfg = Release|Any CPU
		{500428D5-CFFD-4433-9C29-31DFFA221BA2}.AppStore|iPhoneSimulator.Build.0 = Release|Any CPU
		{500428D5-CFFD-4433-9C29-31DFFA221BA2}.AppStore|iPhoneSimulator.Deploy.0 = Release|Any CPU
		{500428D5-CFFD-4433-9C29-31DFFA221BA2}.AppStore|x64.ActiveCfg = Release|Any CPU
		{500428D5-CFFD-4433-9C29-31DFFA221BA2}.AppStore|x64.Build.0 = Release|Any CPU
		{500428D5-CFFD-4433-9C29-31DFFA221BA2}.AppStore|x64.Deploy.0 = Release|Any CPU
		{500428D5-CFFD-4433-9C29-31DFFA221BA2}.AppStore|x86.ActiveCfg = Release|Any CPU
		{500428D5-CFFD-4433-9C29-31DFFA221BA2}.AppStore|x86.Build.0 = Release|Any CPU
		{500428D5-CFFD-4433-9C29-31DFFA221BA2}.AppStore|x86.Deploy.0 = Release|Any CPU
		{500428D5-CFFD-4433-9C29-31DFFA221BA2}.Debug|Any CPU.ActiveCfg = Debug|Any CPU
		{500428D5-CFFD-4433-9C29-31DFFA221BA2}.Debug|Any CPU.Build.0 = Debug|Any CPU
		{500428D5-CFFD-4433-9C29-31DFFA221BA2}.Debug|Any CPU.Deploy.0 = Debug|Any CPU
		{500428D5-CFFD-4433-9C29-31DFFA221BA2}.Debug|ARM.ActiveCfg = Debug|Any CPU
		{500428D5-CFFD-4433-9C29-31DFFA221BA2}.Debug|ARM.Build.0 = Debug|Any CPU
		{500428D5-CFFD-4433-9C29-31DFFA221BA2}.Debug|ARM.Deploy.0 = Debug|Any CPU
		{500428D5-CFFD-4433-9C29-31DFFA221BA2}.Debug|iPhone.ActiveCfg = Debug|Any CPU
		{500428D5-CFFD-4433-9C29-31DFFA221BA2}.Debug|iPhone.Build.0 = Debug|Any CPU
		{500428D5-CFFD-4433-9C29-31DFFA221BA2}.Debug|iPhone.Deploy.0 = Debug|Any CPU
		{500428D5-CFFD-4433-9C29-31DFFA221BA2}.Debug|iPhoneSimulator.ActiveCfg = Debug|Any CPU
		{500428D5-CFFD-4433-9C29-31DFFA221BA2}.Debug|iPhoneSimulator.Build.0 = Debug|Any CPU
		{500428D5-CFFD-4433-9C29-31DFFA221BA2}.Debug|iPhoneSimulator.Deploy.0 = Debug|Any CPU
		{500428D5-CFFD-4433-9C29-31DFFA221BA2}.Debug|x64.ActiveCfg = Debug|Any CPU
		{500428D5-CFFD-4433-9C29-31DFFA221BA2}.Debug|x64.Build.0 = Debug|Any CPU
		{500428D5-CFFD-4433-9C29-31DFFA221BA2}.Debug|x64.Deploy.0 = Debug|Any CPU
		{500428D5-CFFD-4433-9C29-31DFFA221BA2}.Debug|x86.ActiveCfg = Debug|Any CPU
		{500428D5-CFFD-4433-9C29-31DFFA221BA2}.Debug|x86.Build.0 = Debug|Any CPU
		{500428D5-CFFD-4433-9C29-31DFFA221BA2}.Debug|x86.Deploy.0 = Debug|Any CPU
		{500428D5-CFFD-4433-9C29-31DFFA221BA2}.Release|Any CPU.ActiveCfg = Release|Any CPU
		{500428D5-CFFD-4433-9C29-31DFFA221BA2}.Release|Any CPU.Build.0 = Release|Any CPU
		{500428D5-CFFD-4433-9C29-31DFFA221BA2}.Release|Any CPU.Deploy.0 = Release|Any CPU
		{500428D5-CFFD-4433-9C29-31DFFA221BA2}.Release|ARM.ActiveCfg = Release|Any CPU
		{500428D5-CFFD-4433-9C29-31DFFA221BA2}.Release|ARM.Build.0 = Release|Any CPU
		{500428D5-CFFD-4433-9C29-31DFFA221BA2}.Release|ARM.Deploy.0 = Release|Any CPU
		{500428D5-CFFD-4433-9C29-31DFFA221BA2}.Release|iPhone.ActiveCfg = Release|Any CPU
		{500428D5-CFFD-4433-9C29-31DFFA221BA2}.Release|iPhone.Build.0 = Release|Any CPU
		{500428D5-CFFD-4433-9C29-31DFFA221BA2}.Release|iPhone.Deploy.0 = Release|Any CPU
		{500428D5-CFFD-4433-9C29-31DFFA221BA2}.Release|iPhoneSimulator.ActiveCfg = Release|Any CPU
		{500428D5-CFFD-4433-9C29-31DFFA221BA2}.Release|iPhoneSimulator.Build.0 = Release|Any CPU
		{500428D5-CFFD-4433-9C29-31DFFA221BA2}.Release|iPhoneSimulator.Deploy.0 = Release|Any CPU
		{500428D5-CFFD-4433-9C29-31DFFA221BA2}.Release|x64.ActiveCfg = Release|Any CPU
		{500428D5-CFFD-4433-9C29-31DFFA221BA2}.Release|x64.Build.0 = Release|Any CPU
		{500428D5-CFFD-4433-9C29-31DFFA221BA2}.Release|x64.Deploy.0 = Release|Any CPU
		{500428D5-CFFD-4433-9C29-31DFFA221BA2}.Release|x86.ActiveCfg = Release|Any CPU
		{500428D5-CFFD-4433-9C29-31DFFA221BA2}.Release|x86.Build.0 = Release|Any CPU
		{500428D5-CFFD-4433-9C29-31DFFA221BA2}.Release|x86.Deploy.0 = Release|Any CPU
		{BF0C11D1-6AFF-4DC4-AF92-E2C79BDA10D4}.Ad-Hoc|Any CPU.ActiveCfg = Ad-Hoc|iPhone
		{BF0C11D1-6AFF-4DC4-AF92-E2C79BDA10D4}.Ad-Hoc|ARM.ActiveCfg = Ad-Hoc|iPhone
		{BF0C11D1-6AFF-4DC4-AF92-E2C79BDA10D4}.Ad-Hoc|iPhone.ActiveCfg = Ad-Hoc|iPhone
		{BF0C11D1-6AFF-4DC4-AF92-E2C79BDA10D4}.Ad-Hoc|iPhone.Build.0 = Ad-Hoc|iPhone
		{BF0C11D1-6AFF-4DC4-AF92-E2C79BDA10D4}.Ad-Hoc|iPhoneSimulator.ActiveCfg = Ad-Hoc|iPhoneSimulator
		{BF0C11D1-6AFF-4DC4-AF92-E2C79BDA10D4}.Ad-Hoc|iPhoneSimulator.Build.0 = Ad-Hoc|iPhoneSimulator
		{BF0C11D1-6AFF-4DC4-AF92-E2C79BDA10D4}.Ad-Hoc|x64.ActiveCfg = Ad-Hoc|iPhone
		{BF0C11D1-6AFF-4DC4-AF92-E2C79BDA10D4}.Ad-Hoc|x86.ActiveCfg = Ad-Hoc|iPhone
		{BF0C11D1-6AFF-4DC4-AF92-E2C79BDA10D4}.AppStore|Any CPU.ActiveCfg = AppStore|iPhone
		{BF0C11D1-6AFF-4DC4-AF92-E2C79BDA10D4}.AppStore|ARM.ActiveCfg = AppStore|iPhone
		{BF0C11D1-6AFF-4DC4-AF92-E2C79BDA10D4}.AppStore|iPhone.ActiveCfg = AppStore|iPhone
		{BF0C11D1-6AFF-4DC4-AF92-E2C79BDA10D4}.AppStore|iPhone.Build.0 = AppStore|iPhone
		{BF0C11D1-6AFF-4DC4-AF92-E2C79BDA10D4}.AppStore|iPhoneSimulator.ActiveCfg = AppStore|iPhoneSimulator
		{BF0C11D1-6AFF-4DC4-AF92-E2C79BDA10D4}.AppStore|iPhoneSimulator.Build.0 = AppStore|iPhoneSimulator
		{BF0C11D1-6AFF-4DC4-AF92-E2C79BDA10D4}.AppStore|x64.ActiveCfg = AppStore|iPhone
		{BF0C11D1-6AFF-4DC4-AF92-E2C79BDA10D4}.AppStore|x86.ActiveCfg = AppStore|iPhone
		{BF0C11D1-6AFF-4DC4-AF92-E2C79BDA10D4}.Debug|Any CPU.ActiveCfg = Debug|iPhone
		{BF0C11D1-6AFF-4DC4-AF92-E2C79BDA10D4}.Debug|ARM.ActiveCfg = Debug|iPhone
		{BF0C11D1-6AFF-4DC4-AF92-E2C79BDA10D4}.Debug|iPhone.ActiveCfg = Debug|iPhone
		{BF0C11D1-6AFF-4DC4-AF92-E2C79BDA10D4}.Debug|iPhone.Build.0 = Debug|iPhone
		{BF0C11D1-6AFF-4DC4-AF92-E2C79BDA10D4}.Debug|iPhoneSimulator.ActiveCfg = Debug|iPhoneSimulator
		{BF0C11D1-6AFF-4DC4-AF92-E2C79BDA10D4}.Debug|iPhoneSimulator.Build.0 = Debug|iPhoneSimulator
		{BF0C11D1-6AFF-4DC4-AF92-E2C79BDA10D4}.Debug|x64.ActiveCfg = Debug|iPhone
		{BF0C11D1-6AFF-4DC4-AF92-E2C79BDA10D4}.Debug|x86.ActiveCfg = Debug|iPhone
		{BF0C11D1-6AFF-4DC4-AF92-E2C79BDA10D4}.Release|Any CPU.ActiveCfg = Release|iPhone
		{BF0C11D1-6AFF-4DC4-AF92-E2C79BDA10D4}.Release|ARM.ActiveCfg = Release|iPhone
		{BF0C11D1-6AFF-4DC4-AF92-E2C79BDA10D4}.Release|iPhone.ActiveCfg = Release|iPhone
		{BF0C11D1-6AFF-4DC4-AF92-E2C79BDA10D4}.Release|iPhone.Build.0 = Release|iPhone
		{BF0C11D1-6AFF-4DC4-AF92-E2C79BDA10D4}.Release|iPhoneSimulator.ActiveCfg = Release|iPhoneSimulator
		{BF0C11D1-6AFF-4DC4-AF92-E2C79BDA10D4}.Release|iPhoneSimulator.Build.0 = Release|iPhoneSimulator
		{BF0C11D1-6AFF-4DC4-AF92-E2C79BDA10D4}.Release|x64.ActiveCfg = Release|iPhone
		{BF0C11D1-6AFF-4DC4-AF92-E2C79BDA10D4}.Release|x86.ActiveCfg = Release|iPhone
		{295DFD23-80C9-4FDB-99EB-085BE8B08A6A}.Ad-Hoc|Any CPU.ActiveCfg = Release|Any CPU
		{295DFD23-80C9-4FDB-99EB-085BE8B08A6A}.Ad-Hoc|Any CPU.Build.0 = Release|Any CPU
		{295DFD23-80C9-4FDB-99EB-085BE8B08A6A}.Ad-Hoc|Any CPU.Deploy.0 = Release|Any CPU
		{295DFD23-80C9-4FDB-99EB-085BE8B08A6A}.Ad-Hoc|ARM.ActiveCfg = Release|ARM
		{295DFD23-80C9-4FDB-99EB-085BE8B08A6A}.Ad-Hoc|ARM.Build.0 = Release|ARM
		{295DFD23-80C9-4FDB-99EB-085BE8B08A6A}.Ad-Hoc|ARM.Deploy.0 = Release|ARM
		{295DFD23-80C9-4FDB-99EB-085BE8B08A6A}.Ad-Hoc|iPhone.ActiveCfg = Release|Any CPU
		{295DFD23-80C9-4FDB-99EB-085BE8B08A6A}.Ad-Hoc|iPhone.Build.0 = Release|Any CPU
		{295DFD23-80C9-4FDB-99EB-085BE8B08A6A}.Ad-Hoc|iPhone.Deploy.0 = Release|Any CPU
		{295DFD23-80C9-4FDB-99EB-085BE8B08A6A}.Ad-Hoc|iPhoneSimulator.ActiveCfg = Release|Any CPU
		{295DFD23-80C9-4FDB-99EB-085BE8B08A6A}.Ad-Hoc|iPhoneSimulator.Build.0 = Release|Any CPU
		{295DFD23-80C9-4FDB-99EB-085BE8B08A6A}.Ad-Hoc|iPhoneSimulator.Deploy.0 = Release|Any CPU
		{295DFD23-80C9-4FDB-99EB-085BE8B08A6A}.Ad-Hoc|x64.ActiveCfg = Release|Any CPU
		{295DFD23-80C9-4FDB-99EB-085BE8B08A6A}.Ad-Hoc|x64.Build.0 = Release|Any CPU
		{295DFD23-80C9-4FDB-99EB-085BE8B08A6A}.Ad-Hoc|x64.Deploy.0 = Release|Any CPU
		{295DFD23-80C9-4FDB-99EB-085BE8B08A6A}.Ad-Hoc|x86.ActiveCfg = Release|x86
		{295DFD23-80C9-4FDB-99EB-085BE8B08A6A}.Ad-Hoc|x86.Build.0 = Release|x86
		{295DFD23-80C9-4FDB-99EB-085BE8B08A6A}.Ad-Hoc|x86.Deploy.0 = Release|x86
		{295DFD23-80C9-4FDB-99EB-085BE8B08A6A}.AppStore|Any CPU.ActiveCfg = Release|Any CPU
		{295DFD23-80C9-4FDB-99EB-085BE8B08A6A}.AppStore|Any CPU.Build.0 = Release|Any CPU
		{295DFD23-80C9-4FDB-99EB-085BE8B08A6A}.AppStore|Any CPU.Deploy.0 = Release|Any CPU
		{295DFD23-80C9-4FDB-99EB-085BE8B08A6A}.AppStore|ARM.ActiveCfg = Release|ARM
		{295DFD23-80C9-4FDB-99EB-085BE8B08A6A}.AppStore|ARM.Build.0 = Release|ARM
		{295DFD23-80C9-4FDB-99EB-085BE8B08A6A}.AppStore|ARM.Deploy.0 = Release|ARM
		{295DFD23-80C9-4FDB-99EB-085BE8B08A6A}.AppStore|iPhone.ActiveCfg = Release|Any CPU
		{295DFD23-80C9-4FDB-99EB-085BE8B08A6A}.AppStore|iPhone.Build.0 = Release|Any CPU
		{295DFD23-80C9-4FDB-99EB-085BE8B08A6A}.AppStore|iPhone.Deploy.0 = Release|Any CPU
		{295DFD23-80C9-4FDB-99EB-085BE8B08A6A}.AppStore|iPhoneSimulator.ActiveCfg = Release|Any CPU
		{295DFD23-80C9-4FDB-99EB-085BE8B08A6A}.AppStore|iPhoneSimulator.Build.0 = Release|Any CPU
		{295DFD23-80C9-4FDB-99EB-085BE8B08A6A}.AppStore|iPhoneSimulator.Deploy.0 = Release|Any CPU
		{295DFD23-80C9-4FDB-99EB-085BE8B08A6A}.AppStore|x64.ActiveCfg = Release|Any CPU
		{295DFD23-80C9-4FDB-99EB-085BE8B08A6A}.AppStore|x64.Build.0 = Release|Any CPU
		{295DFD23-80C9-4FDB-99EB-085BE8B08A6A}.AppStore|x64.Deploy.0 = Release|Any CPU
		{295DFD23-80C9-4FDB-99EB-085BE8B08A6A}.AppStore|x86.ActiveCfg = Release|x86
		{295DFD23-80C9-4FDB-99EB-085BE8B08A6A}.AppStore|x86.Build.0 = Release|x86
		{295DFD23-80C9-4FDB-99EB-085BE8B08A6A}.AppStore|x86.Deploy.0 = Release|x86
		{295DFD23-80C9-4FDB-99EB-085BE8B08A6A}.Debug|Any CPU.ActiveCfg = Debug|Any CPU
		{295DFD23-80C9-4FDB-99EB-085BE8B08A6A}.Debug|Any CPU.Build.0 = Debug|Any CPU
		{295DFD23-80C9-4FDB-99EB-085BE8B08A6A}.Debug|Any CPU.Deploy.0 = Debug|Any CPU
		{295DFD23-80C9-4FDB-99EB-085BE8B08A6A}.Debug|ARM.ActiveCfg = Debug|ARM
		{295DFD23-80C9-4FDB-99EB-085BE8B08A6A}.Debug|ARM.Build.0 = Debug|ARM
		{295DFD23-80C9-4FDB-99EB-085BE8B08A6A}.Debug|ARM.Deploy.0 = Debug|ARM
		{295DFD23-80C9-4FDB-99EB-085BE8B08A6A}.Debug|iPhone.ActiveCfg = Debug|Any CPU
		{295DFD23-80C9-4FDB-99EB-085BE8B08A6A}.Debug|iPhone.Build.0 = Debug|Any CPU
		{295DFD23-80C9-4FDB-99EB-085BE8B08A6A}.Debug|iPhone.Deploy.0 = Debug|Any CPU
		{295DFD23-80C9-4FDB-99EB-085BE8B08A6A}.Debug|iPhoneSimulator.ActiveCfg = Debug|Any CPU
		{295DFD23-80C9-4FDB-99EB-085BE8B08A6A}.Debug|iPhoneSimulator.Build.0 = Debug|Any CPU
		{295DFD23-80C9-4FDB-99EB-085BE8B08A6A}.Debug|iPhoneSimulator.Deploy.0 = Debug|Any CPU
		{295DFD23-80C9-4FDB-99EB-085BE8B08A6A}.Debug|x64.ActiveCfg = Debug|Any CPU
		{295DFD23-80C9-4FDB-99EB-085BE8B08A6A}.Debug|x64.Build.0 = Debug|Any CPU
		{295DFD23-80C9-4FDB-99EB-085BE8B08A6A}.Debug|x64.Deploy.0 = Debug|Any CPU
		{295DFD23-80C9-4FDB-99EB-085BE8B08A6A}.Debug|x86.ActiveCfg = Debug|x86
		{295DFD23-80C9-4FDB-99EB-085BE8B08A6A}.Debug|x86.Build.0 = Debug|x86
		{295DFD23-80C9-4FDB-99EB-085BE8B08A6A}.Debug|x86.Deploy.0 = Debug|x86
		{295DFD23-80C9-4FDB-99EB-085BE8B08A6A}.Release|Any CPU.ActiveCfg = Release|Any CPU
		{295DFD23-80C9-4FDB-99EB-085BE8B08A6A}.Release|Any CPU.Build.0 = Release|Any CPU
		{295DFD23-80C9-4FDB-99EB-085BE8B08A6A}.Release|Any CPU.Deploy.0 = Release|Any CPU
		{295DFD23-80C9-4FDB-99EB-085BE8B08A6A}.Release|ARM.ActiveCfg = Release|ARM
		{295DFD23-80C9-4FDB-99EB-085BE8B08A6A}.Release|ARM.Build.0 = Release|ARM
		{295DFD23-80C9-4FDB-99EB-085BE8B08A6A}.Release|ARM.Deploy.0 = Release|ARM
		{295DFD23-80C9-4FDB-99EB-085BE8B08A6A}.Release|iPhone.ActiveCfg = Release|Any CPU
		{295DFD23-80C9-4FDB-99EB-085BE8B08A6A}.Release|iPhone.Build.0 = Release|Any CPU
		{295DFD23-80C9-4FDB-99EB-085BE8B08A6A}.Release|iPhone.Deploy.0 = Release|Any CPU
		{295DFD23-80C9-4FDB-99EB-085BE8B08A6A}.Release|iPhoneSimulator.ActiveCfg = Release|Any CPU
		{295DFD23-80C9-4FDB-99EB-085BE8B08A6A}.Release|iPhoneSimulator.Build.0 = Release|Any CPU
		{295DFD23-80C9-4FDB-99EB-085BE8B08A6A}.Release|iPhoneSimulator.Deploy.0 = Release|Any CPU
		{295DFD23-80C9-4FDB-99EB-085BE8B08A6A}.Release|x64.ActiveCfg = Release|Any CPU
		{295DFD23-80C9-4FDB-99EB-085BE8B08A6A}.Release|x64.Build.0 = Release|Any CPU
		{295DFD23-80C9-4FDB-99EB-085BE8B08A6A}.Release|x64.Deploy.0 = Release|Any CPU
		{295DFD23-80C9-4FDB-99EB-085BE8B08A6A}.Release|x86.ActiveCfg = Release|x86
		{295DFD23-80C9-4FDB-99EB-085BE8B08A6A}.Release|x86.Build.0 = Release|x86
		{295DFD23-80C9-4FDB-99EB-085BE8B08A6A}.Release|x86.Deploy.0 = Release|x86
		{FD543720-3D00-42E7-BFD8-66AEA00AC74F}.Ad-Hoc|Any CPU.ActiveCfg = Release|Any CPU
		{FD543720-3D00-42E7-BFD8-66AEA00AC74F}.Ad-Hoc|Any CPU.Build.0 = Release|Any CPU
		{FD543720-3D00-42E7-BFD8-66AEA00AC74F}.Ad-Hoc|Any CPU.Deploy.0 = Release|Any CPU
		{FD543720-3D00-42E7-BFD8-66AEA00AC74F}.Ad-Hoc|ARM.ActiveCfg = Release|ARM
		{FD543720-3D00-42E7-BFD8-66AEA00AC74F}.Ad-Hoc|ARM.Build.0 = Release|ARM
		{FD543720-3D00-42E7-BFD8-66AEA00AC74F}.Ad-Hoc|ARM.Deploy.0 = Release|ARM
		{FD543720-3D00-42E7-BFD8-66AEA00AC74F}.Ad-Hoc|iPhone.ActiveCfg = Release|Any CPU
		{FD543720-3D00-42E7-BFD8-66AEA00AC74F}.Ad-Hoc|iPhone.Build.0 = Release|Any CPU
		{FD543720-3D00-42E7-BFD8-66AEA00AC74F}.Ad-Hoc|iPhone.Deploy.0 = Release|Any CPU
		{FD543720-3D00-42E7-BFD8-66AEA00AC74F}.Ad-Hoc|iPhoneSimulator.ActiveCfg = Release|Any CPU
		{FD543720-3D00-42E7-BFD8-66AEA00AC74F}.Ad-Hoc|iPhoneSimulator.Build.0 = Release|Any CPU
		{FD543720-3D00-42E7-BFD8-66AEA00AC74F}.Ad-Hoc|iPhoneSimulator.Deploy.0 = Release|Any CPU
		{FD543720-3D00-42E7-BFD8-66AEA00AC74F}.Ad-Hoc|x64.ActiveCfg = Release|x64
		{FD543720-3D00-42E7-BFD8-66AEA00AC74F}.Ad-Hoc|x64.Build.0 = Release|x64
		{FD543720-3D00-42E7-BFD8-66AEA00AC74F}.Ad-Hoc|x64.Deploy.0 = Release|x64
		{FD543720-3D00-42E7-BFD8-66AEA00AC74F}.Ad-Hoc|x86.ActiveCfg = Release|x86
		{FD543720-3D00-42E7-BFD8-66AEA00AC74F}.Ad-Hoc|x86.Build.0 = Release|x86
		{FD543720-3D00-42E7-BFD8-66AEA00AC74F}.Ad-Hoc|x86.Deploy.0 = Release|x86
		{FD543720-3D00-42E7-BFD8-66AEA00AC74F}.AppStore|Any CPU.ActiveCfg = Release|Any CPU
		{FD543720-3D00-42E7-BFD8-66AEA00AC74F}.AppStore|Any CPU.Build.0 = Release|Any CPU
		{FD543720-3D00-42E7-BFD8-66AEA00AC74F}.AppStore|Any CPU.Deploy.0 = Release|Any CPU
		{FD543720-3D00-42E7-BFD8-66AEA00AC74F}.AppStore|ARM.ActiveCfg = Release|ARM
		{FD543720-3D00-42E7-BFD8-66AEA00AC74F}.AppStore|ARM.Build.0 = Release|ARM
		{FD543720-3D00-42E7-BFD8-66AEA00AC74F}.AppStore|ARM.Deploy.0 = Release|ARM
		{FD543720-3D00-42E7-BFD8-66AEA00AC74F}.AppStore|iPhone.ActiveCfg = Release|Any CPU
		{FD543720-3D00-42E7-BFD8-66AEA00AC74F}.AppStore|iPhone.Build.0 = Release|Any CPU
		{FD543720-3D00-42E7-BFD8-66AEA00AC74F}.AppStore|iPhone.Deploy.0 = Release|Any CPU
		{FD543720-3D00-42E7-BFD8-66AEA00AC74F}.AppStore|iPhoneSimulator.ActiveCfg = Release|Any CPU
		{FD543720-3D00-42E7-BFD8-66AEA00AC74F}.AppStore|iPhoneSimulator.Build.0 = Release|Any CPU
		{FD543720-3D00-42E7-BFD8-66AEA00AC74F}.AppStore|iPhoneSimulator.Deploy.0 = Release|Any CPU
		{FD543720-3D00-42E7-BFD8-66AEA00AC74F}.AppStore|x64.ActiveCfg = Release|x64
		{FD543720-3D00-42E7-BFD8-66AEA00AC74F}.AppStore|x64.Build.0 = Release|x64
		{FD543720-3D00-42E7-BFD8-66AEA00AC74F}.AppStore|x64.Deploy.0 = Release|x64
		{FD543720-3D00-42E7-BFD8-66AEA00AC74F}.AppStore|x86.ActiveCfg = Release|x86
		{FD543720-3D00-42E7-BFD8-66AEA00AC74F}.AppStore|x86.Build.0 = Release|x86
		{FD543720-3D00-42E7-BFD8-66AEA00AC74F}.AppStore|x86.Deploy.0 = Release|x86
		{FD543720-3D00-42E7-BFD8-66AEA00AC74F}.Debug|Any CPU.ActiveCfg = Debug|Any CPU
		{FD543720-3D00-42E7-BFD8-66AEA00AC74F}.Debug|Any CPU.Build.0 = Debug|Any CPU
		{FD543720-3D00-42E7-BFD8-66AEA00AC74F}.Debug|Any CPU.Deploy.0 = Debug|Any CPU
		{FD543720-3D00-42E7-BFD8-66AEA00AC74F}.Debug|ARM.ActiveCfg = Debug|ARM
		{FD543720-3D00-42E7-BFD8-66AEA00AC74F}.Debug|ARM.Build.0 = Debug|ARM
		{FD543720-3D00-42E7-BFD8-66AEA00AC74F}.Debug|ARM.Deploy.0 = Debug|ARM
		{FD543720-3D00-42E7-BFD8-66AEA00AC74F}.Debug|iPhone.ActiveCfg = Debug|Any CPU
		{FD543720-3D00-42E7-BFD8-66AEA00AC74F}.Debug|iPhone.Build.0 = Debug|Any CPU
		{FD543720-3D00-42E7-BFD8-66AEA00AC74F}.Debug|iPhone.Deploy.0 = Debug|Any CPU
		{FD543720-3D00-42E7-BFD8-66AEA00AC74F}.Debug|iPhoneSimulator.ActiveCfg = Debug|Any CPU
		{FD543720-3D00-42E7-BFD8-66AEA00AC74F}.Debug|iPhoneSimulator.Build.0 = Debug|Any CPU
		{FD543720-3D00-42E7-BFD8-66AEA00AC74F}.Debug|iPhoneSimulator.Deploy.0 = Debug|Any CPU
		{FD543720-3D00-42E7-BFD8-66AEA00AC74F}.Debug|x64.ActiveCfg = Debug|x64
		{FD543720-3D00-42E7-BFD8-66AEA00AC74F}.Debug|x64.Build.0 = Debug|x64
		{FD543720-3D00-42E7-BFD8-66AEA00AC74F}.Debug|x64.Deploy.0 = Debug|x64
		{FD543720-3D00-42E7-BFD8-66AEA00AC74F}.Debug|x86.ActiveCfg = Debug|x86
		{FD543720-3D00-42E7-BFD8-66AEA00AC74F}.Debug|x86.Build.0 = Debug|x86
		{FD543720-3D00-42E7-BFD8-66AEA00AC74F}.Debug|x86.Deploy.0 = Debug|x86
		{FD543720-3D00-42E7-BFD8-66AEA00AC74F}.Release|Any CPU.ActiveCfg = Release|Any CPU
		{FD543720-3D00-42E7-BFD8-66AEA00AC74F}.Release|Any CPU.Build.0 = Release|Any CPU
		{FD543720-3D00-42E7-BFD8-66AEA00AC74F}.Release|Any CPU.Deploy.0 = Release|Any CPU
		{FD543720-3D00-42E7-BFD8-66AEA00AC74F}.Release|ARM.ActiveCfg = Release|ARM
		{FD543720-3D00-42E7-BFD8-66AEA00AC74F}.Release|ARM.Build.0 = Release|ARM
		{FD543720-3D00-42E7-BFD8-66AEA00AC74F}.Release|ARM.Deploy.0 = Release|ARM
		{FD543720-3D00-42E7-BFD8-66AEA00AC74F}.Release|iPhone.ActiveCfg = Release|Any CPU
		{FD543720-3D00-42E7-BFD8-66AEA00AC74F}.Release|iPhone.Build.0 = Release|Any CPU
		{FD543720-3D00-42E7-BFD8-66AEA00AC74F}.Release|iPhone.Deploy.0 = Release|Any CPU
		{FD543720-3D00-42E7-BFD8-66AEA00AC74F}.Release|iPhoneSimulator.ActiveCfg = Release|Any CPU
		{FD543720-3D00-42E7-BFD8-66AEA00AC74F}.Release|iPhoneSimulator.Build.0 = Release|Any CPU
		{FD543720-3D00-42E7-BFD8-66AEA00AC74F}.Release|iPhoneSimulator.Deploy.0 = Release|Any CPU
		{FD543720-3D00-42E7-BFD8-66AEA00AC74F}.Release|x64.ActiveCfg = Release|x64
		{FD543720-3D00-42E7-BFD8-66AEA00AC74F}.Release|x64.Build.0 = Release|x64
		{FD543720-3D00-42E7-BFD8-66AEA00AC74F}.Release|x64.Deploy.0 = Release|x64
		{FD543720-3D00-42E7-BFD8-66AEA00AC74F}.Release|x86.ActiveCfg = Release|x86
		{FD543720-3D00-42E7-BFD8-66AEA00AC74F}.Release|x86.Build.0 = Release|x86
		{FD543720-3D00-42E7-BFD8-66AEA00AC74F}.Release|x86.Deploy.0 = Release|x86
	EndGlobalSection
	GlobalSection(SolutionProperties) = preSolution
		HideSolutionNode = FALSE
	EndGlobalSection
EndGlobal
